
Microsoft Visual Studio Solution File, Format Version 12.00
# Visual Studio 15
VisualStudioVersion = 15.0.27004.2010
MinimumVisualStudioVersion = 10.0.40219.1
Project("{FAE04EC0-301F-11D3-BF4B-00C04F79EFBC}") = "CronSample", "CronSample\CronSample.csproj", "{E7D70D12-E368-4D7B-93BE-7CB3A8FCF5A8}"
EndProject
Global
	GlobalSection(SolutionConfigurationPlatforms) = preSolution
		Debug|Any CPU = Debug|Any CPU
		Release|Any CPU = Release|Any CPU
	EndGlobalSection
	GlobalSection(ProjectConfigurationPlatforms) = postSolution
		{E7D70D12-E368-4D7B-93BE-7CB3A8FCF5A8}.Debug|Any CPU.ActiveCfg = Debug|Any CPU
		{E7D70D12-E368-4D7B-93BE-7CB3A8FCF5A8}.Debug|Any CPU.Build.0 = Debug|Any CPU
		{E7D70D12-E368-4D7B-93BE-7CB3A8FCF5A8}.Release|Any CPU.ActiveCfg = Release|Any CPU
		{E7D70D12-E368-4D7B-93BE-7CB3A8FCF5A8}.Release|Any CPU.Build.0 = Release|Any CPU
		{377CF6D4-7DC4-4BE4-88F0-A2CA3234A688}.Debug|Any CPU.ActiveCfg = Debug|Any CPU
		{377CF6D4-7DC4-4BE4-88F0-A2CA3234A688}.Debug|Any CPU.Build.0 = Debug|Any CPU
		{377CF6D4-7DC4-4BE4-88F0-A2CA3234A688}.Release|Any CPU.ActiveCfg = Release|Any CPU
		{377CF6D4-7DC4-4BE4-88F0-A2CA3234A688}.Release|Any CPU.Build.0 = Release|Any CPU
	EndGlobalSection
	GlobalSection(SolutionProperties) = preSolution
		HideSolutionNode = FALSE
	EndGlobalSection
	GlobalSection(ExtensibilityGlobals) = postSolution
		SolutionGuid = {E00A11F2-8AE9-4046-97EA-931183170728}
	EndGlobalSection
EndGlobal
